{
  "name": "excalidraw-agent-cli",
  "lockfileVersion": 3,
  "requires": true,
  "packages": {
    "": {
      "dependencies": {
        "@dagrejs/dagre": "^2.0.4"
      }
    },
    "node_modules/@dagrejs/dagre": {
      "version": "2.0.4",
      "resolved": "https://registry.npmjs.org/@dagrejs/dagre/-/dagre-2.0.4.tgz",
      "integrity": "sha512-J6vCWTNpicHF4zFlZG1cS5DkGzMr9941gddYkakjrg3ZNev4bbqEgLHFTWiFrcJm7UCRu7olO3K6IRDd9gSGhA==",
      "license": "MIT",
      "dependencies": {
        "@dagrejs/graphlib": "3.0.4"
      }
    },
    "node_modules/@dagrejs/graphlib": {
      "version": "3.0.4",
      "resolved": "https://registry.npmjs.org/@dagrejs/graphlib/-/graphlib-3.0.4.tgz",
      "integrity": "sha512-HxZ7fCvAwTLCWCO0WjDkzAFQze8LdC6iOpKbetDKHIuDfIgMlIzYzqZ4nxwLlclQX+3ZVeZ1K2OuaOE2WWcyOg==",
      "license": "MIT"
    }
  }
}
